{"version":4,"terraform_version":"1.10.3","serial":2,"lineage":"c13de01d-a8c5-c4b6-fc11-c056d981469f","outputs":{},"resources":[{"mode":"managed","type":"proxmox_lxc","name":"debian12_container","provider":"provider[\"registry.opentofu.org/telmate/proxmox\"]","instances":[{"schema_version":0,"attributes":{"arch":"amd64","bwlimit":0,"clone":null,"clone_storage":null,"cmode":"tty","console":true,"cores":2,"cpulimit":0,"cpuunits":1024,"description":"","features":[],"force":false,"full":null,"hagroup":"","hastate":"","hookscript":"","hostname":"checkpoint-3-debian-clem","id":"ns3065162/lxc/342","ignore_unpack_errors":false,"lock":"","memory":2048,"mountpoint":[],"nameserver":"","network":[{"bridge":"vmbr2","firewall":false,"gw":"192.168.1.254","gw6":"","hwaddr":"BC:24:11:5B:98:F1","ip":"192.168.1.222/24","ip6":"","mtu":0,"name":"eth0","rate":0,"tag":0,"trunks":"","type":"veth"}],"onboot":false,"ostemplate":"local:vztmpl/debian-12-standard_12.7-1_amd64.tar.zst","ostype":"debian","password":"root123","pool":null,"protection":false,"restore":false,"rootfs":[{"acl":false,"quota":false,"replicate":false,"ro":false,"shared":false,"size":"8G","storage":"local","volume":"local:342/vm-342-disk-0.raw"}],"searchdomain":"","ssh_public_keys":null,"start":false,"startup":"","swap":0,"tags":"","target_node":"ns3065162","template":false,"timeouts":null,"tty":2,"unique":false,"unprivileged":false,"unused":[],"vmid":342},"sensitive_attributes":[[{"type":"get_attr","value":"password"}]],"private":"eyJlMmJmYjczMC1lY2FhLTExZTYtOGY4OC0zNDM2M2JjN2M0YzAiOnsiY3JlYXRlIjoxMjAwMDAwMDAwMDAwLCJkZWZhdWx0IjoxMjAwMDAwMDAwMDAwLCJkZWxldGUiOjEyMDAwMDAwMDAwMDAsInJlYWQiOjEyMDAwMDAwMDAwMDAsInVwZGF0ZSI6MTIwMDAwMDAwMDAwMH19"}]}],"check_results":null}
